{
  "name": "@rethab/user",
  "version": "1.0.0",
  "lockfileVersion": 1,
  "requires": true,
  "dependencies": {
    "@rethab/github-helper": {
      "version": "1.0.0",
      "resolved": "https://npm.pkg.github.com/download/@rethab/github-helper/1.0.0/dd0f54bcf1ab26aed8a0a997d1208d2e2a7c3033b50ee232f5a76beccfdfd336",
      "integrity": "sha512-LwsS8pV4ubUX1yrqm0K17EYzcjxmwxRxZuhk8nnxZokher28AOKgDGWRNjjOPnU+zZy7nd6NQ9zuMPqzmC7Vnw=="
    }
  }
}
